{
  "name": "filograficos",
  "version": "0.0.0",
  "lockfileVersion": 3,
  "requires": true,
  "packages": {
    "": {
      "name": "filograficos",
      "version": "0.0.0",
      "dependencies": {
        "@angular/animations": "^18.2.0",
        "@angular/common": "^18.2.0",
        "@angular/compiler": "^18.2.0",
        "@angular/core": "^18.2.0",
        "@angular/forms": "^18.2.0",
        "@angular/platform-browser": "^18.2.0",
        "@angular/platform-browser-dynamic": "^18.2.0",
        "@angular/platform-server": "^18.2.0",
        "@angular/router": "^18.2.0",
        "@angular/ssr": "^18.2.6",
        "@fortawesome/angular-fontawesome": "^0.15.0",
        "@fortawesome/fontawesome-svg-core": "^6.6.0",
        "@fortawesome/free-solid-svg-icons": "^6.6.0",
        "express": "^4.18.2",
        "rxjs": "~7.8.0",
        "tslib": "^2.3.0",
        "zone.js": "~0.14.10",
        "zxcvbn": "^4.4.2"
      },
      "devDependencies": {
        "@angular/cli": "^18.2.6",
        "@angular/compiler-cli": "^18.2.0",
        "@types/express": "^4.17.17",
        "@types/jasmine": "~5.1.0",
        "@types/node": "^18.18.0",
        "@types/zxcvbn": "^4.4.5",
        "autoprefixer": "^10.4.20",
        "jasmine-core": "~5.2.0",
        "karma": "~6.4.0",
        "karma-chrome-launcher": "~3.2.0",
        "karma-coverage": "~2.2.0",
        "karma-jasmine": "~5.1.0",
        "karma-jasmine-html-reporter": "~2.1.0",
        "postcss": "^8.4.47",
        "tailwindcss": "^3.4.13",
        "typescript": "~5.5.2"
      }
    },
    "node_modules/@alloc/quick-lru": {
      "version": "5.2.0",
      "resolved": "https://registry.npmjs.org/@alloc/quick-lru/-/quick-lru-5.2.0.tgz",
      "integrity": "sha512-UrcABB+4bUrFABwbluTIBErXwvbsU/V7TZWfmbgJfbkwiBuziS9gxdODUyuiecfdGQ85jglMW6juS3+z5TsKLw==",
      "dev": true,
      "engines": {
        "node": ">=10"
      },
      "funding": {
        "url": "https://github.com/sponsors/sindresorhus"
      }
    },
    "node_modules/@ampproject/remapping": {
      "version": "2.3.0",
      "resolved": "https://registry.npmjs.org/@ampproject/remapping/-/remapping-2.3.0.tgz",
      "integrity": "sha512-30iZtAPgz+LTIYoeivqYo853f02jBYSd5uGnGpkFV0M3xOt9aN73erkgYAmZU43x4VfqcnLxW9Kpg3R5LC4YYw==",
      "dev": true,
      "dependencies": {
        "@jridgewell/gen-mapping": "^0.3.5",
        "@jridgewell/trace-mapping": "^0.3.24"
      },
      "engines": {
        "node": ">=6.0.0"
      }
    },
    "node_modules/@angular-devkit/architect": {
      "version": "0.1802.7",
      "resolved": "https://registry.npmjs.org/@angular-devkit/architect/-/architect-0.1802.7.tgz",
      "integrity": "sha512-kpcgXnepEXcoxDTbqbGj7Hg1WJLWj1HLR3/FKmC5TbpBf1xiLxiqfkQNwz3BbE/W9JWMLdrXr3GI9O3O2gWPLg==",
      "dev": true,
      "dependencies": {
        "@angular-devkit/core": "18.2.7",
        "rxjs": "7.8.1"
      },
      "engines": {
        "node": "^18.19.1 || ^20.11.1 || >=22.0.0",
        "npm": "^6.11.0 || ^7.5.6 || >=8.0.0",
        "yarn": ">= 1.13.0"
      }
    },
    "node_modules/@angular-devkit/core": {
      "version": "18.2.7",
      "resolved": "https://registry.npmjs.org/@angular-devkit/core/-/core-18.2.7.tgz",
      "integrity": "sha512-1ZTi4A6tEC2bkJ/puCIdIPYhesnlCVOMSDJL/lZAd0hC6X22T4pwu0AEvue7mcP5NbXpQDiBaXOZ3MmCA8PwOA==",
      "dev": true,
      "dependencies": {
        "ajv": "8.17.1",
        "ajv-formats": "3.0.1",
        "jsonc-parser": "3.3.1",
        "picomatch": "4.0.2",
        "rxjs": "7.8.1",
        "source-map": "0.7.4"
      },
      "engines": {
        "node": "^18.19.1 || ^20.11.1 || >=22.0.0",
        "npm": "^6.11.0 || ^7.5.6 || >=8.0.0",
        "yarn": ">= 1.13.0"
      },
      "peerDependencies": {
        "chokidar": "^3.5.2"
      },
      "peerDependenciesMeta": {
        "chokidar": {
          "optional": true
        }
      }
    },
    "node_modules/@angular-devkit/schematics": {
      "version": "18.2.7",
      "resolved": "https://registry.npmjs.org/@angular-devkit/schematics/-/schematics-18.2.7.tgz",
      "integrity": "sha512-j7198lpkOXMG+Gyfln/5aDgBZV7m4pWMzHFhkO3+w3cbCNUN1TVZW0SyJcF+CYaxANzTbuumfvpsYc/fTeAGLw==",
      "dev": true,
      "dependencies": {
        "@angular-devkit/core": "18.2.7",
        "jsonc-parser": "3.3.1",
        "magic-string": "0.30.11",
        "ora": "5.4.1",
        "rxjs": "7.8.1"
      },
      "engines": {
        "node": "^18.19.1 || ^20.11.1 || >=22.0.0",
        "npm": "^6.11.0 || ^7.5.6 || >=8.0.0",
        "yarn": ">= 1.13.0"
      }
    },
    "node_modules/@angular/animations": {
      "version": "18.2.7",
      "resolved": "https://registry.npmjs.org/@angular/animations/-/animations-18.2.7.tgz",
      "integrity": "sha512-5B7qD1K+kKOf9lgJT4VNMft3IK2BnRHjN1S6l38ywzQ/nxpmCG7f+qKAAU6CpCywhNUBeXW0hVXTMuMNPVOcQQ==",
      "dependencies": {
        "tslib": "^2.3.0"
      },
      "engines": {
        "node": "^18.19.1 || ^20.11.1 || >=22.0.0"
      },
      "peerDependencies": {
        "@angular/core": "18.2.7"
      }
    },
    "node_modules/@angular/cli": {
      "version": "18.2.7",
      "resolved": "https://registry.npmjs.org/@angular/cli/-/cli-18.2.7.tgz",
      "integrity": "sha512-KoWgSvhRsU05A2m6B7jw1kdpyoS+Ce5GGLW6xcnX7VF2AckW54vYd/8ZkgpzQrKfvIpVblYd4KJGizKoaLZ5jA==",
      "dev": true,
      "dependencies": {
        "@angular-devkit/architect": "0.1802.7",
        "@angular-devkit/core": "18.2.7",
        "@angular-devkit/schematics": "18.2.7",
        "@inquirer/prompts": "5.3.8",
        "@listr2/prompt-adapter-inquirer": "2.0.15",
        "@schematics/angular": "18.2.7",
        "@yarnpkg/lockfile": "1.1.0",
        "ini": "4.1.3",
        "jsonc-parser": "3.3.1",
        "listr2": "8.2.4",
        "npm-package-arg": "11.0.3",
        "npm-pick-manifest": "9.1.0",
        "pacote": "18.0.6",
        "resolve": "1.22.8",
        "semver": "7.6.3",
        "symbol-observable": "4.0.0",
        "yargs": "17.7.2"
      },
      "bin": {
        "ng": "bin/ng.js"
      },
      "engines": {
        "node": "^18.19.1 || ^20.11.1 || >=22.0.0",
        "npm": "^6.11.0 || ^7.5.6 || >=8.0.0",
        "yarn": ">= 1.13.0"
      }
    },
    "node_modules/postcss-selector-parser": {
      "version": "6.1.2",
      "resolved": "https://registry.npmjs.org/postcss-selector-parser/-/postcss-selector-parser-6.1.2.tgz",
      "integrity": "sha512-Q8qQfPiZ+THO/3ZrOrO0cJJKfpYCagtMUkXbnEfmgUjwXg6z/WBeOyS9APBBPCTSiDV+s4SwQGu8yFsiMRIudg==",
      "dev": true,
      "dependencies": {
        "cssesc": "^3.0.0",
        "util-deprecate": "^1.0.2"
      },
      "engines": {
        "node": ">=4"
      }
    },
    "node_modules/postcss-value-parser": {
      "version": "4.2.0",
      "resolved": "https://registry.npmjs.org/postcss-value-parser/-/postcss-value-parser-4.2.0.tgz",
      "integrity": "sha512-1NNCs6uurfkVbeXG4S8JFT9t19m45ICnif8zWLd5oPSZ50QnwMfK+H3jv408d4jw/7Bttv5axS5IiHoLaVNHeQ==",
      "dev": true
    },
    "node_modules/proc-log": {
      "version": "4.2.0",
      "resolved": "https://registry.npmjs.org/proc-log/-/proc-log-4.2.0.tgz",
      "integrity": "sha512-g8+OnU/L2v+wyiVK+D5fA34J7EH8jZ8DDlvwhRCMxmMj7UCBvxiO1mGeN+36JXIKF4zevU4kRBd8lVgG9vLelA==",
      "dev": true,
      "engines": {
        "node": "^14.17.0 || ^16.13.0 || >=18.0.0"
      }
    }
  }
}
